
Microsoft Visual Studio Solution File, Format Version 12.00
# Visual Studio Version 16
VisualStudioVersion = 16.0.809.10
MinimumVisualStudioVersion = 10.0.40219.1
Project("{FAE04EC0-301F-11D3-BF4B-00C04F79EFBC}") = "RRWebUI", "RRWebUI.csproj", "{324EE998-7C51-486D-8930-5C714932399E}"
EndProject
Global
	GlobalSection(SolutionConfigurationPlatforms) = preSolution
		Debug|Any CPU = Debug|Any CPU
		Release|Any CPU = Release|Any CPU
	EndGlobalSection
	GlobalSection(ProjectConfigurationPlatforms) = postSolution
		{324EE998-7C51-486D-8930-5C714932399E}.Debug|Any CPU.ActiveCfg = Debug|Any CPU
		{324EE998-7C51-486D-8930-5C714932399E}.Debug|Any CPU.Build.0 = Debug|Any CPU
		{324EE998-7C51-486D-8930-5C714932399E}.Release|Any CPU.ActiveCfg = Release|Any CPU
		{324EE998-7C51-486D-8930-5C714932399E}.Release|Any CPU.Build.0 = Release|Any CPU
	EndGlobalSection
	GlobalSection(SolutionProperties) = preSolution
		HideSolutionNode = FALSE
	EndGlobalSection
	GlobalSection(ExtensibilityGlobals) = postSolution
		SolutionGuid = {F8C4E5DC-53A2-4E1C-A73C-566A109C9750}
	EndGlobalSection
EndGlobal
